
Microsoft Visual Studio Solution File, Format Version 12.00
# Visual Studio Version 17
VisualStudioVersion = 17.1.32319.34
MinimumVisualStudioVersion = 10.0.40219.1
Project("{9A19103F-16F7-4668-BE54-9A1E7A4F7556}") = "DatabaseImplement", "DatabaseImplement\DatabaseImplement.csproj", "{6875C705-3821-4BF5-8C1D-4EFA9AA9F9D4}"
EndProject
Project("{9A19103F-16F7-4668-BE54-9A1E7A4F7556}") = "BuisnessLogic", "BuisnessLogic\BuisnessLogic.csproj", "{90EE2446-BA27-429F-B49C-C52A745C3259}"
EndProject
Project("{9A19103F-16F7-4668-BE54-9A1E7A4F7556}") = "ClietView", "ClietView\ClietView.csproj", "{EC584C03-9693-4CF3-BFE2-9D306016A8F9}"
EndProject
Project("{9A19103F-16F7-4668-BE54-9A1E7A4F7556}") = "EmployeeView", "EmployeeView\EmployeeView.csproj", "{1D641C66-F881-4D7D-837C-F8D55DF5F67E}"
EndProject
Global
	GlobalSection(SolutionConfigurationPlatforms) = preSolution
		Debug|Any CPU = Debug|Any CPU
		Release|Any CPU = Release|Any CPU
	EndGlobalSection
	GlobalSection(ProjectConfigurationPlatforms) = postSolution
		{6875C705-3821-4BF5-8C1D-4EFA9AA9F9D4}.Debug|Any CPU.ActiveCfg = Debug|Any CPU
		{6875C705-3821-4BF5-8C1D-4EFA9AA9F9D4}.Debug|Any CPU.Build.0 = Debug|Any CPU
		{6875C705-3821-4BF5-8C1D-4EFA9AA9F9D4}.Release|Any CPU.ActiveCfg = Release|Any CPU
		{6875C705-3821-4BF5-8C1D-4EFA9AA9F9D4}.Release|Any CPU.Build.0 = Release|Any CPU
		{90EE2446-BA27-429F-B49C-C52A745C3259}.Debug|Any CPU.ActiveCfg = Debug|Any CPU
		{90EE2446-BA27-429F-B49C-C52A745C3259}.Debug|Any CPU.Build.0 = Debug|Any CPU
		{90EE2446-BA27-429F-B49C-C52A745C3259}.Release|Any CPU.ActiveCfg = Release|Any CPU
		{90EE2446-BA27-429F-B49C-C52A745C3259}.Release|Any CPU.Build.0 = Release|Any CPU
		{EC584C03-9693-4CF3-BFE2-9D306016A8F9}.Debug|Any CPU.ActiveCfg = Debug|Any CPU
		{EC584C03-9693-4CF3-BFE2-9D306016A8F9}.Debug|Any CPU.Build.0 = Debug|Any CPU
		{EC584C03-9693-4CF3-BFE2-9D306016A8F9}.Release|Any CPU.ActiveCfg = Release|Any CPU
		{EC584C03-9693-4CF3-BFE2-9D306016A8F9}.Release|Any CPU.Build.0 = Release|Any CPU
		{1D641C66-F881-4D7D-837C-F8D55DF5F67E}.Debug|Any CPU.ActiveCfg = Debug|Any CPU
		{1D641C66-F881-4D7D-837C-F8D55DF5F67E}.Debug|Any CPU.Build.0 = Debug|Any CPU
		{1D641C66-F881-4D7D-837C-F8D55DF5F67E}.Release|Any CPU.ActiveCfg = Release|Any CPU
		{1D641C66-F881-4D7D-837C-F8D55DF5F67E}.Release|Any CPU.Build.0 = Release|Any CPU
	EndGlobalSection
	GlobalSection(SolutionProperties) = preSolution
		HideSolutionNode = FALSE
	EndGlobalSection
	GlobalSection(ExtensibilityGlobals) = postSolution
		SolutionGuid = {CE2C446B-60DC-438B-A744-BF6C7F09A62E}
	EndGlobalSection
EndGlobal
